
Microsoft Visual Studio Solution File, Format Version 12.00
# Visual Studio 15
VisualStudioVersion = 15.0.26124.0
MinimumVisualStudioVersion = 15.0.26124.0
Project("{2150E333-8FDC-42A3-9474-1A3956D46DE8}") = "src", "src", "{8F860B30-71F0-4C85-9416-DF272265071E}"
EndProject
Project("{FAE04EC0-301F-11D3-BF4B-00C04F79EFBC}") = "EmbedioSample", "src\EmbedioSample\EmbedioSample.csproj", "{95DF5955-059D-4C9D-AE2B-FEF5AA07C64F}"
EndProject
Global
	GlobalSection(SolutionConfigurationPlatforms) = preSolution
		Debug|Any CPU = Debug|Any CPU
		Debug|x64 = Debug|x64
		Debug|x86 = Debug|x86
		Release|Any CPU = Release|Any CPU
		Release|x64 = Release|x64
		Release|x86 = Release|x86
	EndGlobalSection
	GlobalSection(SolutionProperties) = preSolution
		HideSolutionNode = FALSE
	EndGlobalSection
	GlobalSection(ProjectConfigurationPlatforms) = postSolution
		{95DF5955-059D-4C9D-AE2B-FEF5AA07C64F}.Debug|Any CPU.ActiveCfg = Debug|Any CPU
		{95DF5955-059D-4C9D-AE2B-FEF5AA07C64F}.Debug|Any CPU.Build.0 = Debug|Any CPU
		{95DF5955-059D-4C9D-AE2B-FEF5AA07C64F}.Debug|x64.ActiveCfg = Debug|Any CPU
		{95DF5955-059D-4C9D-AE2B-FEF5AA07C64F}.Debug|x64.Build.0 = Debug|Any CPU
		{95DF5955-059D-4C9D-AE2B-FEF5AA07C64F}.Debug|x86.ActiveCfg = Debug|Any CPU
		{95DF5955-059D-4C9D-AE2B-FEF5AA07C64F}.Debug|x86.Build.0 = Debug|Any CPU
		{95DF5955-059D-4C9D-AE2B-FEF5AA07C64F}.Release|Any CPU.ActiveCfg = Release|Any CPU
		{95DF5955-059D-4C9D-AE2B-FEF5AA07C64F}.Release|Any CPU.Build.0 = Release|Any CPU
		{95DF5955-059D-4C9D-AE2B-FEF5AA07C64F}.Release|x64.ActiveCfg = Release|Any CPU
		{95DF5955-059D-4C9D-AE2B-FEF5AA07C64F}.Release|x64.Build.0 = Release|Any CPU
		{95DF5955-059D-4C9D-AE2B-FEF5AA07C64F}.Release|x86.ActiveCfg = Release|Any CPU
		{95DF5955-059D-4C9D-AE2B-FEF5AA07C64F}.Release|x86.Build.0 = Release|Any CPU
	EndGlobalSection
	GlobalSection(NestedProjects) = preSolution
		{95DF5955-059D-4C9D-AE2B-FEF5AA07C64F} = {8F860B30-71F0-4C85-9416-DF272265071E}
	EndGlobalSection
EndGlobal
