
Microsoft Visual Studio Solution File, Format Version 12.00
# Visual Studio 15
VisualStudioVersion = 15.0.26124.0
MinimumVisualStudioVersion = 15.0.26124.0
Project("{2150E333-8FDC-42A3-9474-1A3956D46DE8}") = "src", "src", "{5FE008DD-A9C0-4A0F-AB92-52F7A34A0FE6}"
EndProject
Project("{FAE04EC0-301F-11D3-BF4B-00C04F79EFBC}") = "Tenancy", "src\Tenancy\Tenancy.csproj", "{60DA3949-FD9D-4A15-9743-A0335ACBB9C1}"
EndProject
Project("{FAE04EC0-301F-11D3-BF4B-00C04F79EFBC}") = "Tenancy.Configuration", "src\Tenancy.Configuration\Tenancy.Configuration.csproj", "{D4FAB875-DF51-420C-BCCF-0943DF2C29E2}"
EndProject
Project("{FAE04EC0-301F-11D3-BF4B-00C04F79EFBC}") = "Tenancy.Models", "src\Tenancy.Models\Tenancy.Models.csproj", "{51463546-46B1-4887-87C2-0FEE4567B285}"
EndProject
Project("{FAE04EC0-301F-11D3-BF4B-00C04F79EFBC}") = "Tenancy.Db", "src\Tenancy.Db\Tenancy.Db.csproj", "{4C093E99-1E51-439E-AD50-EF2E8B0F9E61}"
EndProject
Project("{FAE04EC0-301F-11D3-BF4B-00C04F79EFBC}") = "Tenancy.Services", "src\Tenancy.Services\Tenancy.Services.csproj", "{D12086D8-C48B-4733-B11E-B2AFB5662A7F}"
EndProject
Project("{FAE04EC0-301F-11D3-BF4B-00C04F79EFBC}") = "Tenancy.Common", "src\Tenancy.Common\Tenancy.Common.csproj", "{CC6A9CA7-AC6D-400F-885C-30A4ECD89EFC}"
EndProject
Global
	GlobalSection(SolutionConfigurationPlatforms) = preSolution
		Debug|Any CPU = Debug|Any CPU
		Debug|x64 = Debug|x64
		Debug|x86 = Debug|x86
		Release|Any CPU = Release|Any CPU
		Release|x64 = Release|x64
		Release|x86 = Release|x86
	EndGlobalSection
	GlobalSection(SolutionProperties) = preSolution
		HideSolutionNode = FALSE
	EndGlobalSection
	GlobalSection(ProjectConfigurationPlatforms) = postSolution
		{60DA3949-FD9D-4A15-9743-A0335ACBB9C1}.Debug|Any CPU.ActiveCfg = Debug|Any CPU
		{60DA3949-FD9D-4A15-9743-A0335ACBB9C1}.Debug|Any CPU.Build.0 = Debug|Any CPU
		{60DA3949-FD9D-4A15-9743-A0335ACBB9C1}.Debug|x64.ActiveCfg = Debug|Any CPU
		{60DA3949-FD9D-4A15-9743-A0335ACBB9C1}.Debug|x64.Build.0 = Debug|Any CPU
		{60DA3949-FD9D-4A15-9743-A0335ACBB9C1}.Debug|x86.ActiveCfg = Debug|Any CPU
		{60DA3949-FD9D-4A15-9743-A0335ACBB9C1}.Debug|x86.Build.0 = Debug|Any CPU
		{60DA3949-FD9D-4A15-9743-A0335ACBB9C1}.Release|Any CPU.ActiveCfg = Release|Any CPU
		{60DA3949-FD9D-4A15-9743-A0335ACBB9C1}.Release|Any CPU.Build.0 = Release|Any CPU
		{60DA3949-FD9D-4A15-9743-A0335ACBB9C1}.Release|x64.ActiveCfg = Release|Any CPU
		{60DA3949-FD9D-4A15-9743-A0335ACBB9C1}.Release|x64.Build.0 = Release|Any CPU
		{60DA3949-FD9D-4A15-9743-A0335ACBB9C1}.Release|x86.ActiveCfg = Release|Any CPU
		{60DA3949-FD9D-4A15-9743-A0335ACBB9C1}.Release|x86.Build.0 = Release|Any CPU
		{D4FAB875-DF51-420C-BCCF-0943DF2C29E2}.Debug|Any CPU.ActiveCfg = Debug|Any CPU
		{D4FAB875-DF51-420C-BCCF-0943DF2C29E2}.Debug|Any CPU.Build.0 = Debug|Any CPU
		{D4FAB875-DF51-420C-BCCF-0943DF2C29E2}.Debug|x64.ActiveCfg = Debug|Any CPU
		{D4FAB875-DF51-420C-BCCF-0943DF2C29E2}.Debug|x64.Build.0 = Debug|Any CPU
		{D4FAB875-DF51-420C-BCCF-0943DF2C29E2}.Debug|x86.ActiveCfg = Debug|Any CPU
		{D4FAB875-DF51-420C-BCCF-0943DF2C29E2}.Debug|x86.Build.0 = Debug|Any CPU
		{D4FAB875-DF51-420C-BCCF-0943DF2C29E2}.Release|Any CPU.ActiveCfg = Release|Any CPU
		{D4FAB875-DF51-420C-BCCF-0943DF2C29E2}.Release|Any CPU.Build.0 = Release|Any CPU
		{D4FAB875-DF51-420C-BCCF-0943DF2C29E2}.Release|x64.ActiveCfg = Release|Any CPU
		{D4FAB875-DF51-420C-BCCF-0943DF2C29E2}.Release|x64.Build.0 = Release|Any CPU
		{D4FAB875-DF51-420C-BCCF-0943DF2C29E2}.Release|x86.ActiveCfg = Release|Any CPU
		{D4FAB875-DF51-420C-BCCF-0943DF2C29E2}.Release|x86.Build.0 = Release|Any CPU
		{51463546-46B1-4887-87C2-0FEE4567B285}.Debug|Any CPU.ActiveCfg = Debug|Any CPU
		{51463546-46B1-4887-87C2-0FEE4567B285}.Debug|Any CPU.Build.0 = Debug|Any CPU
		{51463546-46B1-4887-87C2-0FEE4567B285}.Debug|x64.ActiveCfg = Debug|Any CPU
		{51463546-46B1-4887-87C2-0FEE4567B285}.Debug|x64.Build.0 = Debug|Any CPU
		{51463546-46B1-4887-87C2-0FEE4567B285}.Debug|x86.ActiveCfg = Debug|Any CPU
		{51463546-46B1-4887-87C2-0FEE4567B285}.Debug|x86.Build.0 = Debug|Any CPU
		{51463546-46B1-4887-87C2-0FEE4567B285}.Release|Any CPU.ActiveCfg = Release|Any CPU
		{51463546-46B1-4887-87C2-0FEE4567B285}.Release|Any CPU.Build.0 = Release|Any CPU
		{51463546-46B1-4887-87C2-0FEE4567B285}.Release|x64.ActiveCfg = Release|Any CPU
		{51463546-46B1-4887-87C2-0FEE4567B285}.Release|x64.Build.0 = Release|Any CPU
		{51463546-46B1-4887-87C2-0FEE4567B285}.Release|x86.ActiveCfg = Release|Any CPU
		{51463546-46B1-4887-87C2-0FEE4567B285}.Release|x86.Build.0 = Release|Any CPU
		{4C093E99-1E51-439E-AD50-EF2E8B0F9E61}.Debug|Any CPU.ActiveCfg = Debug|Any CPU
		{4C093E99-1E51-439E-AD50-EF2E8B0F9E61}.Debug|Any CPU.Build.0 = Debug|Any CPU
		{4C093E99-1E51-439E-AD50-EF2E8B0F9E61}.Debug|x64.ActiveCfg = Debug|Any CPU
		{4C093E99-1E51-439E-AD50-EF2E8B0F9E61}.Debug|x64.Build.0 = Debug|Any CPU
		{4C093E99-1E51-439E-AD50-EF2E8B0F9E61}.Debug|x86.ActiveCfg = Debug|Any CPU
		{4C093E99-1E51-439E-AD50-EF2E8B0F9E61}.Debug|x86.Build.0 = Debug|Any CPU
		{4C093E99-1E51-439E-AD50-EF2E8B0F9E61}.Release|Any CPU.ActiveCfg = Release|Any CPU
		{4C093E99-1E51-439E-AD50-EF2E8B0F9E61}.Release|Any CPU.Build.0 = Release|Any CPU
		{4C093E99-1E51-439E-AD50-EF2E8B0F9E61}.Release|x64.ActiveCfg = Release|Any CPU
		{4C093E99-1E51-439E-AD50-EF2E8B0F9E61}.Release|x64.Build.0 = Release|Any CPU
		{4C093E99-1E51-439E-AD50-EF2E8B0F9E61}.Release|x86.ActiveCfg = Release|Any CPU
		{4C093E99-1E51-439E-AD50-EF2E8B0F9E61}.Release|x86.Build.0 = Release|Any CPU
		{D12086D8-C48B-4733-B11E-B2AFB5662A7F}.Debug|Any CPU.ActiveCfg = Debug|Any CPU
		{D12086D8-C48B-4733-B11E-B2AFB5662A7F}.Debug|Any CPU.Build.0 = Debug|Any CPU
		{D12086D8-C48B-4733-B11E-B2AFB5662A7F}.Debug|x64.ActiveCfg = Debug|Any CPU
		{D12086D8-C48B-4733-B11E-B2AFB5662A7F}.Debug|x64.Build.0 = Debug|Any CPU
		{D12086D8-C48B-4733-B11E-B2AFB5662A7F}.Debug|x86.ActiveCfg = Debug|Any CPU
		{D12086D8-C48B-4733-B11E-B2AFB5662A7F}.Debug|x86.Build.0 = Debug|Any CPU
		{D12086D8-C48B-4733-B11E-B2AFB5662A7F}.Release|Any CPU.ActiveCfg = Release|Any CPU
		{D12086D8-C48B-4733-B11E-B2AFB5662A7F}.Release|Any CPU.Build.0 = Release|Any CPU
		{D12086D8-C48B-4733-B11E-B2AFB5662A7F}.Release|x64.ActiveCfg = Release|Any CPU
		{D12086D8-C48B-4733-B11E-B2AFB5662A7F}.Release|x64.Build.0 = Release|Any CPU
		{D12086D8-C48B-4733-B11E-B2AFB5662A7F}.Release|x86.ActiveCfg = Release|Any CPU
		{D12086D8-C48B-4733-B11E-B2AFB5662A7F}.Release|x86.Build.0 = Release|Any CPU
		{CC6A9CA7-AC6D-400F-885C-30A4ECD89EFC}.Debug|Any CPU.ActiveCfg = Debug|Any CPU
		{CC6A9CA7-AC6D-400F-885C-30A4ECD89EFC}.Debug|Any CPU.Build.0 = Debug|Any CPU
		{CC6A9CA7-AC6D-400F-885C-30A4ECD89EFC}.Debug|x64.ActiveCfg = Debug|Any CPU
		{CC6A9CA7-AC6D-400F-885C-30A4ECD89EFC}.Debug|x64.Build.0 = Debug|Any CPU
		{CC6A9CA7-AC6D-400F-885C-30A4ECD89EFC}.Debug|x86.ActiveCfg = Debug|Any CPU
		{CC6A9CA7-AC6D-400F-885C-30A4ECD89EFC}.Debug|x86.Build.0 = Debug|Any CPU
		{CC6A9CA7-AC6D-400F-885C-30A4ECD89EFC}.Release|Any CPU.ActiveCfg = Release|Any CPU
		{CC6A9CA7-AC6D-400F-885C-30A4ECD89EFC}.Release|Any CPU.Build.0 = Release|Any CPU
		{CC6A9CA7-AC6D-400F-885C-30A4ECD89EFC}.Release|x64.ActiveCfg = Release|Any CPU
		{CC6A9CA7-AC6D-400F-885C-30A4ECD89EFC}.Release|x64.Build.0 = Release|Any CPU
		{CC6A9CA7-AC6D-400F-885C-30A4ECD89EFC}.Release|x86.ActiveCfg = Release|Any CPU
		{CC6A9CA7-AC6D-400F-885C-30A4ECD89EFC}.Release|x86.Build.0 = Release|Any CPU
	EndGlobalSection
	GlobalSection(NestedProjects) = preSolution
		{60DA3949-FD9D-4A15-9743-A0335ACBB9C1} = {5FE008DD-A9C0-4A0F-AB92-52F7A34A0FE6}
		{D4FAB875-DF51-420C-BCCF-0943DF2C29E2} = {5FE008DD-A9C0-4A0F-AB92-52F7A34A0FE6}
		{51463546-46B1-4887-87C2-0FEE4567B285} = {5FE008DD-A9C0-4A0F-AB92-52F7A34A0FE6}
		{4C093E99-1E51-439E-AD50-EF2E8B0F9E61} = {5FE008DD-A9C0-4A0F-AB92-52F7A34A0FE6}
		{D12086D8-C48B-4733-B11E-B2AFB5662A7F} = {5FE008DD-A9C0-4A0F-AB92-52F7A34A0FE6}
		{CC6A9CA7-AC6D-400F-885C-30A4ECD89EFC} = {5FE008DD-A9C0-4A0F-AB92-52F7A34A0FE6}
	EndGlobalSection
EndGlobal
